
Microsoft Visual Studio Solution File, Format Version 12.00
# Visual Studio 15
VisualStudioVersion = 15.0.27428.2037
MinimumVisualStudioVersion = 10.0.40219.1
Project("{FAE04EC0-301F-11D3-BF4B-00C04F79EFBC}") = "Server_UDP", "Server(studie)\Server_UDP.csproj", "{301DB377-5BA0-4F6B-B5B0-9F3F7025E2C2}"
EndProject
Project("{FAE04EC0-301F-11D3-BF4B-00C04F79EFBC}") = "Server_connect_UDP", "Server_connect\Server_connect_UDP.csproj", "{E887E7C1-3FE3-46A9-B67B-C33C971D90BC}"
EndProject
Project("{FAE04EC0-301F-11D3-BF4B-00C04F79EFBC}") = "Server_TCP", "Server_TCP\Server_TCP.csproj", "{96CF9490-26A9-48C0-8BCA-756C70A6DA8F}"
EndProject
Project("{FAE04EC0-301F-11D3-BF4B-00C04F79EFBC}") = "Server_Connect_TCP", "Server_Connect_TCP\Server_Connect_TCP.csproj", "{F376BE69-8020-47E6-A0D6-D8D62A64BF50}"
EndProject
Project("{FAE04EC0-301F-11D3-BF4B-00C04F79EFBC}") = "Server_trådetTCP", "Server_trådetTCP\Server_trådetTCP.csproj", "{00CE8854-EEFF-4F9D-B1C7-2F0F9ED4FDAD}"
EndProject
Project("{FAE04EC0-301F-11D3-BF4B-00C04F79EFBC}") = "Server_ConnectTrådetTCP", "Server_ConnectTrådetTCP\Server_ConnectTrådetTCP.csproj", "{168F1BE2-11BC-4359-864A-65AAFBB6F4E5}"
EndProject
Global
	GlobalSection(SolutionConfigurationPlatforms) = preSolution
		Debug|Any CPU = Debug|Any CPU
		Release|Any CPU = Release|Any CPU
	EndGlobalSection
	GlobalSection(ProjectConfigurationPlatforms) = postSolution
		{301DB377-5BA0-4F6B-B5B0-9F3F7025E2C2}.Debug|Any CPU.ActiveCfg = Debug|Any CPU
		{301DB377-5BA0-4F6B-B5B0-9F3F7025E2C2}.Debug|Any CPU.Build.0 = Debug|Any CPU
		{301DB377-5BA0-4F6B-B5B0-9F3F7025E2C2}.Release|Any CPU.ActiveCfg = Release|Any CPU
		{301DB377-5BA0-4F6B-B5B0-9F3F7025E2C2}.Release|Any CPU.Build.0 = Release|Any CPU
		{E887E7C1-3FE3-46A9-B67B-C33C971D90BC}.Debug|Any CPU.ActiveCfg = Debug|Any CPU
		{E887E7C1-3FE3-46A9-B67B-C33C971D90BC}.Debug|Any CPU.Build.0 = Debug|Any CPU
		{E887E7C1-3FE3-46A9-B67B-C33C971D90BC}.Release|Any CPU.ActiveCfg = Release|Any CPU
		{E887E7C1-3FE3-46A9-B67B-C33C971D90BC}.Release|Any CPU.Build.0 = Release|Any CPU
		{96CF9490-26A9-48C0-8BCA-756C70A6DA8F}.Debug|Any CPU.ActiveCfg = Debug|Any CPU
		{96CF9490-26A9-48C0-8BCA-756C70A6DA8F}.Debug|Any CPU.Build.0 = Debug|Any CPU
		{96CF9490-26A9-48C0-8BCA-756C70A6DA8F}.Release|Any CPU.ActiveCfg = Release|Any CPU
		{96CF9490-26A9-48C0-8BCA-756C70A6DA8F}.Release|Any CPU.Build.0 = Release|Any CPU
		{F376BE69-8020-47E6-A0D6-D8D62A64BF50}.Debug|Any CPU.ActiveCfg = Debug|Any CPU
		{F376BE69-8020-47E6-A0D6-D8D62A64BF50}.Debug|Any CPU.Build.0 = Debug|Any CPU
		{F376BE69-8020-47E6-A0D6-D8D62A64BF50}.Release|Any CPU.ActiveCfg = Release|Any CPU
		{F376BE69-8020-47E6-A0D6-D8D62A64BF50}.Release|Any CPU.Build.0 = Release|Any CPU
		{00CE8854-EEFF-4F9D-B1C7-2F0F9ED4FDAD}.Debug|Any CPU.ActiveCfg = Debug|Any CPU
		{00CE8854-EEFF-4F9D-B1C7-2F0F9ED4FDAD}.Debug|Any CPU.Build.0 = Debug|Any CPU
		{00CE8854-EEFF-4F9D-B1C7-2F0F9ED4FDAD}.Release|Any CPU.ActiveCfg = Release|Any CPU
		{00CE8854-EEFF-4F9D-B1C7-2F0F9ED4FDAD}.Release|Any CPU.Build.0 = Release|Any CPU
		{168F1BE2-11BC-4359-864A-65AAFBB6F4E5}.Debug|Any CPU.ActiveCfg = Debug|Any CPU
		{168F1BE2-11BC-4359-864A-65AAFBB6F4E5}.Debug|Any CPU.Build.0 = Debug|Any CPU
		{168F1BE2-11BC-4359-864A-65AAFBB6F4E5}.Release|Any CPU.ActiveCfg = Release|Any CPU
		{168F1BE2-11BC-4359-864A-65AAFBB6F4E5}.Release|Any CPU.Build.0 = Release|Any CPU
	EndGlobalSection
	GlobalSection(SolutionProperties) = preSolution
		HideSolutionNode = FALSE
	EndGlobalSection
	GlobalSection(ExtensibilityGlobals) = postSolution
		SolutionGuid = {3752F555-B69D-42DF-B867-FECCB17B571A}
	EndGlobalSection
EndGlobal
